
Microsoft Visual Studio Solution File, Format Version 12.00
# Visual Studio 15
VisualStudioVersion = 15.0.27130.2036
MinimumVisualStudioVersion = 10.0.40219.1
Project("{FAE04EC0-301F-11D3-BF4B-00C04F79EFBC}") = "GlowGlowHack", "GlowGlowHack\GlowGlowHack.csproj", "{B22CACA8-E9E8-4730-9620-9E340A6E5FE3}"
EndProject
Global
	GlobalSection(SolutionConfigurationPlatforms) = preSolution
		Debug|Any CPU = Debug|Any CPU
		Release|Any CPU = Release|Any CPU
	EndGlobalSection
	GlobalSection(ProjectConfigurationPlatforms) = postSolution
		{B22CACA8-E9E8-4730-9620-9E340A6E5FE3}.Debug|Any CPU.ActiveCfg = Debug|Any CPU
		{B22CACA8-E9E8-4730-9620-9E340A6E5FE3}.Debug|Any CPU.Build.0 = Debug|Any CPU
		{B22CACA8-E9E8-4730-9620-9E340A6E5FE3}.Release|Any CPU.ActiveCfg = Release|Any CPU
		{B22CACA8-E9E8-4730-9620-9E340A6E5FE3}.Release|Any CPU.Build.0 = Release|Any CPU
	EndGlobalSection
	GlobalSection(SolutionProperties) = preSolution
		HideSolutionNode = FALSE
	EndGlobalSection
	GlobalSection(ExtensibilityGlobals) = postSolution
		SolutionGuid = {EBBE25D8-056A-46A5-B77A-F89281AA555F}
	EndGlobalSection
EndGlobal
